// !$*UTF8*$!
{ "archiveVersion" = 1; "classes" = {  }; "objectVersion" = 56; "objects" = { "438C2F8265F25E3F06B408EE" = { "isa" = "PBXFileReference"; "lastKnownFileType" = "text.plist.xml"; "path" = "Config/App-Info.plist"; "sourceTree" = "SOURCE_ROOT"; }; "FDD9D52975ACEC81ED6E77F7" = { "isa" = "PBXFileReference"; "lastKnownFileType" = "text.plist.xml"; "path" = "Config/App.entitlements"; "sourceTree" = "SOURCE_ROOT"; }; "0B9E39D198CA6C066277805E" = { "isa" = "PBXFileReference"; "lastKnownFileType" = "text.xcconfig"; "path" = "Config/Local.xcconfig"; "sourceTree" = "SOURCE_ROOT"; }; "22A2B38BD0C0774CC975DDF4" = { "isa" = "PBXFileReference"; "lastKnownFileType" = "text.plist.xml"; "path" = "Config/Widget-Info.plist"; "sourceTree" = "SOURCE_ROOT"; }; "56B37437DF3806CD74E74A1A" = { "isa" = "PBXFileReference"; "lastKnownFileType" = "text.plist.xml"; "path" = "Config/Widget.entitlements"; "sourceTree" = "SOURCE_ROOT"; }; "B6F6D096EC7D18A2E4803D78" = { "isa" = "PBXFileReference"; "lastKnownFileType" = "sourcecode.swift"; "path" = "WEST/App/WESTApp.swift"; "sourceTree" = "SOURCE_ROOT"; }; "E3410C5F103D83C6FC7CC12A" = { "isa" = "PBXFileReference"; "lastKnownFileType" = "image.icns"; "path" = "WEST/Resources/AppIcon.icns"; "sourceTree" = "SOURCE_ROOT"; }; "1694AB7C7578D54D171F22B9" = { "isa" = "PBXFileReference"; "lastKnownFileType" = "folder.assetcatalog"; "path" = "WEST/Resources/Assets.xcassets"; "sourceTree" = "SOURCE_ROOT"; }; "0CC34E2BE49956CBAB16CF21" = { "isa" = "PBXFileReference"; "lastKnownFileType" = "text.json.xcstrings"; "path" = "WEST/Resources/Localizable.xcstrings"; "sourceTree" = "SOURCE_ROOT"; }; "2819F869C330AB4888CC129F" = { "isa" = "PBXFileReference"; "lastKnownFileType" = "sourcecode.swift"; "path" = "WEST/Shared/Catalog.swift"; "sourceTree" = "SOURCE_ROOT"; }; "FB39FD2858D0C472A92EBE8F" = { "isa" = "PBXFileReference"; "lastKnownFileType" = "sourcecode.swift"; "path" = "WEST/Shared/ClockViews.swift"; "sourceTree" = "SOURCE_ROOT"; }; "59EA092E0C816BB15966FDA9" = { "isa" = "PBXFileReference"; "lastKnownFileType" = "sourcecode.swift"; "path" = "WEST/Shared/Commands.swift"; "sourceTree" = "SOURCE_ROOT"; }; "812AB6868C9F12BB233CE818" = { "isa" = "PBXFileReference"; "lastKnownFileType" = "sourcecode.swift"; "path" = "WEST/Shared/Design.swift"; "sourceTree" = "SOURCE_ROOT"; }; "26C16A78CA087A1CC5A82D52" = { "isa" = "PBXFileReference"; "lastKnownFileType" = "sourcecode.swift"; "path" = "WEST/Shared/Intents.swift"; "sourceTree" = "SOURCE_ROOT"; }; "F1C6BA38E6EDF65B2E1AAD4F" = { "isa" = "PBXFileReference"; "lastKnownFileType" = "sourcecode.swift"; "path" = "WEST/Shared/Localization.swift"; "sourceTree" = "SOURCE_ROOT"; }; "7EA94BF956EAB8498413AB05" = { "isa" = "PBXFileReference"; "lastKnownFileType" = "sourcecode.swift"; "path" = "WEST/Shared/Model.swift"; "sourceTree" = "SOURCE_ROOT"; }; "9AD137542A7191E921CB39B4" = { "isa" = "PBXFileReference"; "lastKnownFileType" = "sourcecode.swift"; "path" = "WEST/Shared/Store.swift"; "sourceTree" = "SOURCE_ROOT"; }; "9DE2A7406CDC952360E4E7F9" = { "isa" = "PBXFileReference"; "lastKnownFileType" = "sourcecode.swift"; "path" = "WEST/Widgets/WESTWidgets.swift"; "sourceTree" = "SOURCE_ROOT"; }; "CF541D99BA7C84012AF4FE46" = { "isa" = "PBXFileReference"; "lastKnownFileType" = "sourcecode.swift"; "path" = "WESTTests/CoreTests.swift"; "sourceTree" = "SOURCE_ROOT"; }; "F68451019D18CA97535706F6" = { "isa" = "PBXFileReference"; "explicitFileType" = "wrapper.application"; "path" = "WEST time and timer.app"; "sourceTree" = "BUILT_PRODUCTS_DIR"; }; "EE401D284EA39A826E1399FA" = { "isa" = "PBXBuildFile"; "fileRef" = B6F6D096EC7D18A2E4803D78; }; "7614EFB6546680B2549CA4CC" = { "isa" = "PBXBuildFile"; "fileRef" = 2819F869C330AB4888CC129F; }; "787EEC365356DFD58A11FCBE" = { "isa" = "PBXBuildFile"; "fileRef" = FB39FD2858D0C472A92EBE8F; }; "9B1142D4961B9EB64D31F929" = { "isa" = "PBXBuildFile"; "fileRef" = 59EA092E0C816BB15966FDA9; }; "D1C98B4DE71302F354EA8806" = { "isa" = "PBXBuildFile"; "fileRef" = 812AB6868C9F12BB233CE818; }; "AAEE59A9954C0D68466391AE" = { "isa" = "PBXBuildFile"; "fileRef" = 26C16A78CA087A1CC5A82D52; }; "91201F20ADDEF0818441115D" = { "isa" = "PBXBuildFile"; "fileRef" = F1C6BA38E6EDF65B2E1AAD4F; }; "0E8EE3F5D14CF43FA6F09E75" = { "isa" = "PBXBuildFile"; "fileRef" = 7EA94BF956EAB8498413AB05; }; "0D535F0ED534E613EC8039D9" = { "isa" = "PBXBuildFile"; "fileRef" = 9AD137542A7191E921CB39B4; }; "8DA0A4661031DFC3EC909AA8" = { "isa" = "PBXSourcesBuildPhase"; "buildActionMask" = 2147483647; "files" = (EE401D284EA39A826E1399FA, 7614EFB6546680B2549CA4CC, 787EEC365356DFD58A11FCBE, 9B1142D4961B9EB64D31F929, D1C98B4DE71302F354EA8806, AAEE59A9954C0D68466391AE, 91201F20ADDEF0818441115D, 0E8EE3F5D14CF43FA6F09E75, 0D535F0ED534E613EC8039D9); "runOnlyForDeploymentPostprocessing" = 0; }; "C6458ECB1CBED4B74126DD66" = { "isa" = "PBXFrameworksBuildPhase"; "buildActionMask" = 2147483647; "files" = (); "runOnlyForDeploymentPostprocessing" = 0; }; "E2D0A531E6B922CABC631D4B" = { "isa" = "PBXBuildFile"; "fileRef" = 0CC34E2BE49956CBAB16CF21; }; "940976D65D6642381D6138C0" = { "isa" = "PBXBuildFile"; "fileRef" = 1694AB7C7578D54D171F22B9; }; "E9263C15289B77B6A8536A4B" = { "isa" = "PBXResourcesBuildPhase"; "buildActionMask" = 2147483647; "files" = (E2D0A531E6B922CABC631D4B, 940976D65D6642381D6138C0); "runOnlyForDeploymentPostprocessing" = 0; }; "5136D4F08F9372D0369B575F" = { "isa" = "XCBuildConfiguration"; "name" = "Debug"; "baseConfigurationReference" = 0B9E39D198CA6C066277805E; "buildSettings" = { "PRODUCT_NAME" = "WEST time and timer"; "PRODUCT_MODULE_NAME" = "WEST"; "PRODUCT_BUNDLE_IDENTIFIER" = "local.westtime.app"; "SDKROOT" = "macosx"; "SUPPORTED_PLATFORMS" = "macosx"; "SWIFT_VERSION" = "5.0"; "MACOSX_DEPLOYMENT_TARGET" = "15.0"; "INFOPLIST_FILE" = "Config/App-Info.plist"; "CODE_SIGN_ENTITLEMENTS" = "Config/App.entitlements"; "GENERATE_INFOPLIST_FILE" = "NO"; "LD_RUNPATH_SEARCH_PATHS" = ("$(inherited)", "@executable_path/../Frameworks", "@executable_path/../../../../Frameworks"); "ASSETCATALOG_COMPILER_APPICON_NAME" = "AppIcon"; "ASSETCATALOG_COMPILER_GENERATE_SWIFT_ASSET_SYMBOL_EXTENSIONS" = "NO"; "SWIFT_OPTIMIZATION_LEVEL" = "-Onone"; "ENABLE_TESTABILITY" = "YES"; }; }; "2F63CD4EDC49786B8BCC3E58" = { "isa" = "XCBuildConfiguration"; "name" = "Release"; "baseConfigurationReference" = 0B9E39D198CA6C066277805E; "buildSettings" = { "PRODUCT_NAME" = "WEST time and timer"; "PRODUCT_MODULE_NAME" = "WEST"; "PRODUCT_BUNDLE_IDENTIFIER" = "local.westtime.app"; "SDKROOT" = "macosx"; "SUPPORTED_PLATFORMS" = "macosx"; "SWIFT_VERSION" = "5.0"; "MACOSX_DEPLOYMENT_TARGET" = "15.0"; "INFOPLIST_FILE" = "Config/App-Info.plist"; "CODE_SIGN_ENTITLEMENTS" = "Config/App.entitlements"; "GENERATE_INFOPLIST_FILE" = "NO"; "LD_RUNPATH_SEARCH_PATHS" = ("$(inherited)", "@executable_path/../Frameworks", "@executable_path/../../../../Frameworks"); "ASSETCATALOG_COMPILER_APPICON_NAME" = "AppIcon"; "ASSETCATALOG_COMPILER_GENERATE_SWIFT_ASSET_SYMBOL_EXTENSIONS" = "NO"; "SWIFT_OPTIMIZATION_LEVEL" = "-O"; "ENABLE_TESTABILITY" = "NO"; }; }; "C39A4290504A2E02CD730AE1" = { "isa" = "XCConfigurationList"; "buildConfigurations" = (5136D4F08F9372D0369B575F, 2F63CD4EDC49786B8BCC3E58); "defaultConfigurationIsVisible" = 0; "defaultConfigurationName" = "Release"; }; "8419F19A5565794DBBCA6881" = { "isa" = "PBXNativeTarget"; "name" = "WEST"; "productName" = "WEST time and timer.app"; "productReference" = F68451019D18CA97535706F6; "productType" = "com.apple.product-type.application"; "buildConfigurationList" = C39A4290504A2E02CD730AE1; "buildPhases" = (8DA0A4661031DFC3EC909AA8, C6458ECB1CBED4B74126DD66, E9263C15289B77B6A8536A4B, 8A1EED22144C3F04485A69EE); "buildRules" = (); "dependencies" = (2FC0F85AE1B7D56CA8ABC0A4); }; "EADEB84092226F62044625BD" = { "isa" = "PBXFileReference"; "explicitFileType" = "wrapper.app-extension"; "path" = "WESTWidgets.appex"; "sourceTree" = "BUILT_PRODUCTS_DIR"; }; "1E8CBBFEEE8C113FCA2589B4" = { "isa" = "PBXBuildFile"; "fileRef" = 2819F869C330AB4888CC129F; }; "0AF898509C70C2F2A57154E0" = { "isa" = "PBXBuildFile"; "fileRef" = FB39FD2858D0C472A92EBE8F; }; "78B588FC5DA774D9C1621793" = { "isa" = "PBXBuildFile"; "fileRef" = 59EA092E0C816BB15966FDA9; }; "114DC3526D42A5D3922F3097" = { "isa" = "PBXBuildFile"; "fileRef" = 812AB6868C9F12BB233CE818; }; "77CE5BBFEFA173ED48E512E7" = { "isa" = "PBXBuildFile"; "fileRef" = 26C16A78CA087A1CC5A82D52; }; "8C67E79B65AE25987DBA414D" = { "isa" = "PBXBuildFile"; "fileRef" = F1C6BA38E6EDF65B2E1AAD4F; }; "5C77D4EC67B927B321461EA7" = { "isa" = "PBXBuildFile"; "fileRef" = 7EA94BF956EAB8498413AB05; }; "10A06B40BDCC2AF238728DC2" = { "isa" = "PBXBuildFile"; "fileRef" = 9AD137542A7191E921CB39B4; }; "A63B2A537AB7A6265CB1225B" = { "isa" = "PBXBuildFile"; "fileRef" = 9DE2A7406CDC952360E4E7F9; }; "6FD1590B57AAED83738588C9" = { "isa" = "PBXSourcesBuildPhase"; "buildActionMask" = 2147483647; "files" = (1E8CBBFEEE8C113FCA2589B4, 0AF898509C70C2F2A57154E0, 78B588FC5DA774D9C1621793, 114DC3526D42A5D3922F3097, 77CE5BBFEFA173ED48E512E7, 8C67E79B65AE25987DBA414D, 5C77D4EC67B927B321461EA7, 10A06B40BDCC2AF238728DC2, A63B2A537AB7A6265CB1225B); "runOnlyForDeploymentPostprocessing" = 0; }; "ADCF775C1BF4523D76EE662A" = { "isa" = "PBXFrameworksBuildPhase"; "buildActionMask" = 2147483647; "files" = (); "runOnlyForDeploymentPostprocessing" = 0; }; "12414269F878BFC638A5385C" = { "isa" = "PBXBuildFile"; "fileRef" = 0CC34E2BE49956CBAB16CF21; }; "C6E24BE369B8388535382898" = { "isa" = "PBXBuildFile"; "fileRef" = E3410C5F103D83C6FC7CC12A; }; "88E6A6356C2C2C194E8BC0BB" = { "isa" = "PBXResourcesBuildPhase"; "buildActionMask" = 2147483647; "files" = (12414269F878BFC638A5385C, C6E24BE369B8388535382898); "runOnlyForDeploymentPostprocessing" = 0; }; "13E560F980836D664BC85830" = { "isa" = "XCBuildConfiguration"; "name" = "Debug"; "baseConfigurationReference" = 0B9E39D198CA6C066277805E; "buildSettings" = { "PRODUCT_NAME" = "WESTWidgets"; "PRODUCT_MODULE_NAME" = "WESTWidgets"; "PRODUCT_BUNDLE_IDENTIFIER" = "local.westtime.app.widgets"; "SDKROOT" = "macosx"; "SUPPORTED_PLATFORMS" = "macosx"; "SWIFT_VERSION" = "5.0"; "MACOSX_DEPLOYMENT_TARGET" = "15.0"; "INFOPLIST_FILE" = "Config/Widget-Info.plist"; "CODE_SIGN_ENTITLEMENTS" = "Config/Widget.entitlements"; "GENERATE_INFOPLIST_FILE" = "NO"; "LD_RUNPATH_SEARCH_PATHS" = ("$(inherited)", "@executable_path/../Frameworks", "@executable_path/../../../../Frameworks"); "APPLICATION_EXTENSION_API_ONLY" = "YES"; "SKIP_INSTALL" = "YES"; "SWIFT_ACTIVE_COMPILATION_CONDITIONS" = "$(inherited) WEST_WIDGET_EXTENSION"; "SWIFT_OPTIMIZATION_LEVEL" = "-Onone"; "ENABLE_TESTABILITY" = "YES"; }; }; "037E2894E0ED271867134CC3" = { "isa" = "XCBuildConfiguration"; "name" = "Release"; "baseConfigurationReference" = 0B9E39D198CA6C066277805E; "buildSettings" = { "PRODUCT_NAME" = "WESTWidgets"; "PRODUCT_MODULE_NAME" = "WESTWidgets"; "PRODUCT_BUNDLE_IDENTIFIER" = "local.westtime.app.widgets"; "SDKROOT" = "macosx"; "SUPPORTED_PLATFORMS" = "macosx"; "SWIFT_VERSION" = "5.0"; "MACOSX_DEPLOYMENT_TARGET" = "15.0"; "INFOPLIST_FILE" = "Config/Widget-Info.plist"; "CODE_SIGN_ENTITLEMENTS" = "Config/Widget.entitlements"; "GENERATE_INFOPLIST_FILE" = "NO"; "LD_RUNPATH_SEARCH_PATHS" = ("$(inherited)", "@executable_path/../Frameworks", "@executable_path/../../../../Frameworks"); "APPLICATION_EXTENSION_API_ONLY" = "YES"; "SKIP_INSTALL" = "YES"; "SWIFT_ACTIVE_COMPILATION_CONDITIONS" = "$(inherited) WEST_WIDGET_EXTENSION"; "SWIFT_OPTIMIZATION_LEVEL" = "-O"; "ENABLE_TESTABILITY" = "NO"; }; }; "DBDD367F6EDF349643834E05" = { "isa" = "XCConfigurationList"; "buildConfigurations" = (13E560F980836D664BC85830, 037E2894E0ED271867134CC3); "defaultConfigurationIsVisible" = 0; "defaultConfigurationName" = "Release"; }; "415D5EE7D36278728CE07B6B" = { "isa" = "PBXNativeTarget"; "name" = "WESTWidgets"; "productName" = "WESTWidgets.appex"; "productReference" = EADEB84092226F62044625BD; "productType" = "com.apple.product-type.app-extension"; "buildConfigurationList" = DBDD367F6EDF349643834E05; "buildPhases" = (6FD1590B57AAED83738588C9, ADCF775C1BF4523D76EE662A, 88E6A6356C2C2C194E8BC0BB); "buildRules" = (); "dependencies" = (); }; "AE60F7AE0C7FCFACCE1E9121" = { "isa" = "PBXFileReference"; "explicitFileType" = "wrapper.cfbundle"; "path" = "WESTTests.xctest"; "sourceTree" = "BUILT_PRODUCTS_DIR"; }; "E16B920786505CF9F8037559" = { "isa" = "PBXBuildFile"; "fileRef" = CF541D99BA7C84012AF4FE46; }; "04CD68ECB492B4599019BE80" = { "isa" = "PBXSourcesBuildPhase"; "buildActionMask" = 2147483647; "files" = (E16B920786505CF9F8037559); "runOnlyForDeploymentPostprocessing" = 0; }; "46D65030179AE68BEFF1FD4C" = { "isa" = "PBXFrameworksBuildPhase"; "buildActionMask" = 2147483647; "files" = (); "runOnlyForDeploymentPostprocessing" = 0; }; "C610258591F1F1900F80654A" = { "isa" = "PBXResourcesBuildPhase"; "buildActionMask" = 2147483647; "files" = (); "runOnlyForDeploymentPostprocessing" = 0; }; "66AA95F058FA9F395B6B3A6D" = { "isa" = "XCBuildConfiguration"; "name" = "Debug"; "baseConfigurationReference" = 0B9E39D198CA6C066277805E; "buildSettings" = { "PRODUCT_NAME" = "WESTTests"; "PRODUCT_MODULE_NAME" = "WESTTests"; "PRODUCT_BUNDLE_IDENTIFIER" = "local.westtime.app.tests"; "SDKROOT" = "macosx"; "SUPPORTED_PLATFORMS" = "macosx"; "SWIFT_VERSION" = "5.0"; "MACOSX_DEPLOYMENT_TARGET" = "15.0"; "GENERATE_INFOPLIST_FILE" = "YES"; "TEST_HOST" = "$(BUILT_PRODUCTS_DIR)/WEST time and timer.app/Contents/MacOS/WEST"; "BUNDLE_LOADER" = "$(TEST_HOST)"; "SWIFT_OPTIMIZATION_LEVEL" = "-Onone"; "ENABLE_TESTABILITY" = "YES"; }; }; "6B3762F51A678D007FC34F29" = { "isa" = "XCBuildConfiguration"; "name" = "Release"; "baseConfigurationReference" = 0B9E39D198CA6C066277805E; "buildSettings" = { "PRODUCT_NAME" = "WESTTests"; "PRODUCT_MODULE_NAME" = "WESTTests"; "PRODUCT_BUNDLE_IDENTIFIER" = "local.westtime.app.tests"; "SDKROOT" = "macosx"; "SUPPORTED_PLATFORMS" = "macosx"; "SWIFT_VERSION" = "5.0"; "MACOSX_DEPLOYMENT_TARGET" = "15.0"; "GENERATE_INFOPLIST_FILE" = "YES"; "TEST_HOST" = "$(BUILT_PRODUCTS_DIR)/WEST time and timer.app/Contents/MacOS/WEST"; "BUNDLE_LOADER" = "$(TEST_HOST)"; "SWIFT_OPTIMIZATION_LEVEL" = "-O"; "ENABLE_TESTABILITY" = "NO"; }; }; "10C7F1C7291F841AC54BC476" = { "isa" = "XCConfigurationList"; "buildConfigurations" = (66AA95F058FA9F395B6B3A6D, 6B3762F51A678D007FC34F29); "defaultConfigurationIsVisible" = 0; "defaultConfigurationName" = "Release"; }; "21C497E3CBC8385AE222EF60" = { "isa" = "PBXNativeTarget"; "name" = "WESTTests"; "productName" = "WESTTests.xctest"; "productReference" = AE60F7AE0C7FCFACCE1E9121; "productType" = "com.apple.product-type.bundle.unit-test"; "buildConfigurationList" = 10C7F1C7291F841AC54BC476; "buildPhases" = (04CD68ECB492B4599019BE80, 46D65030179AE68BEFF1FD4C, C610258591F1F1900F80654A); "buildRules" = (); "dependencies" = (03219F12C0A4B7E798DABFCF); }; "FAE608D04BA82A38D1FB0D81" = { "isa" = "PBXBuildFile"; "fileRef" = EADEB84092226F62044625BD; "settings" = { "ATTRIBUTES" = ("CodeSignOnCopy", "RemoveHeadersOnCopy"); }; }; "8A1EED22144C3F04485A69EE" = { "isa" = "PBXCopyFilesBuildPhase"; "buildActionMask" = 2147483647; "dstPath" = ""; "dstSubfolderSpec" = 13; "files" = (FAE608D04BA82A38D1FB0D81); "name" = "Embed App Extensions"; "runOnlyForDeploymentPostprocessing" = 0; }; "31D8636973C4F6DD2941B658" = { "isa" = "PBXContainerItemProxy"; "containerPortal" = 244210E48437B6556980A702; "proxyType" = 1; "remoteGlobalIDString" = 415D5EE7D36278728CE07B6B; "remoteInfo" = "WESTWidgets"; }; "2FC0F85AE1B7D56CA8ABC0A4" = { "isa" = "PBXTargetDependency"; "target" = 415D5EE7D36278728CE07B6B; "targetProxy" = 31D8636973C4F6DD2941B658; }; "861977953DA363A15D45A70C" = { "isa" = "PBXContainerItemProxy"; "containerPortal" = 244210E48437B6556980A702; "proxyType" = 1; "remoteGlobalIDString" = 8419F19A5565794DBBCA6881; "remoteInfo" = "WEST"; }; "03219F12C0A4B7E798DABFCF" = { "isa" = "PBXTargetDependency"; "target" = 8419F19A5565794DBBCA6881; "targetProxy" = 861977953DA363A15D45A70C; }; "0A3E27B8CA818264D75C8D81" = { "isa" = "PBXGroup"; "children" = (F68451019D18CA97535706F6, EADEB84092226F62044625BD, AE60F7AE0C7FCFACCE1E9121); "name" = "Products"; "sourceTree" = "<group>"; }; "0D6E4079E36703EBD37C0072" = { "isa" = "PBXGroup"; "children" = (438C2F8265F25E3F06B408EE, FDD9D52975ACEC81ED6E77F7, 0B9E39D198CA6C066277805E, 22A2B38BD0C0774CC975DDF4, 56B37437DF3806CD74E74A1A, B6F6D096EC7D18A2E4803D78, E3410C5F103D83C6FC7CC12A, 1694AB7C7578D54D171F22B9, 0CC34E2BE49956CBAB16CF21, 2819F869C330AB4888CC129F, FB39FD2858D0C472A92EBE8F, 59EA092E0C816BB15966FDA9, 812AB6868C9F12BB233CE818, 26C16A78CA087A1CC5A82D52, F1C6BA38E6EDF65B2E1AAD4F, 7EA94BF956EAB8498413AB05, 9AD137542A7191E921CB39B4, 9DE2A7406CDC952360E4E7F9, CF541D99BA7C84012AF4FE46, 0A3E27B8CA818264D75C8D81); "sourceTree" = "<group>"; }; "5DF0EAF287A59303D4EFEAF3" = { "isa" = "XCBuildConfiguration"; "name" = "Debug"; "buildSettings" = { "CLANG_ENABLE_MODULES" = "YES"; "ENABLE_TESTABILITY" = "YES"; "MACOSX_DEPLOYMENTMENT_TARGET" = "15.0"; }; }; "C62D9534737287C44FD6EF43" = { "isa" = "XCBuildConfiguration"; "name" = "Release"; "buildSettings" = { "CLANG_ENABLE_MODULES" = "YES"; "ENABLE_TESTABILITY" = "YES"; "MACOSX_DEPLOYMENTMENT_TARGET" = "15.0"; }; }; "B4E10CAA9C5E22150B71559C" = { "isa" = "XCConfigurationList"; "buildConfigurations" = (5DF0EAF287A59303D4EFEAF3, C62D9534737287C44FD6EF43); "defaultConfigurationIsVisible" = 0; "defaultConfigurationName" = "Release"; }; "244210E48437B6556980A702" = { "isa" = "PBXProject"; "attributes" = { "LastUpgradeCheck" = "1600"; }; "buildConfigurationList" = B4E10CAA9C5E22150B71559C; "compatibilityVersion" = "Xcode 14.0"; "developmentRegion" = "en"; "hasScannedForEncodings" = 0; "knownRegions" = ("en", "zh-Hans", "hi", "es", "ar", "fr", "bn", "pt", "id", "ur", "ru", "Base"); "mainGroup" = 0D6E4079E36703EBD37C0072; "productRefGroup" = 0A3E27B8CA818264D75C8D81; "projectDirPath" = ""; "projectRoot" = ""; "targets" = (8419F19A5565794DBBCA6881, 415D5EE7D36278728CE07B6B, 21C497E3CBC8385AE222EF60); }; }; "rootObject" = 244210E48437B6556980A702; }
